<Solution>
  <Project Path="Assembly-CSharp-Editor.csproj" />
  <Project Path="SpaceGame.Locomotion.csproj" />
  <Project Path="Assembly-CSharp.csproj" />
  <Project Path="Unity.Netcode.Runtime.Tests.csproj" />
  <Project Path="SpaceGame.Audio.csproj" />
  <Project Path="Unity.Netcode.Runtime.csproj" />
  <Project Path="SpaceGame.Persistence.csproj" />
  <Project Path="FMODUnityEditor.csproj" />
  <Project Path="FMODUnity.csproj" />
  <Project Path="Unity.Netcode.Editor.Tests.csproj" />
  <Project Path="SpaceGame.Minigame.Core.csproj" />
  <Project Path="SpaceGame.Gear.Wingsuit.csproj" />
  <Project Path="SpaceGame.Teleporting.csproj" />
  <Project Path="SpaceGame.Versus.Core.csproj" />
  <Project Path="SpaceGame.Vehicles.Ornithopter.csproj" />
  <Project Path="SpaceGame.Gear.Jetpack.csproj" />
  <Project Path="SpaceGame.Tests.EditMode.csproj" />
  <Project Path="SpaceGame.Creatures.Ostrich.csproj" />
  <Project Path="Unity.Netcode.Editor.csproj" />
  <Project Path="Unity.Netcode.Editor.CodeGen.csproj" />
  <Project Path="SpaceGame.Creatures.Crab.csproj" />
  <Project Path="FMODUnityResonance.csproj" />
  <Project Path="SpaceGame.Vehicles.DuneFoil.csproj" />
  <Project Path="SpaceGame.Grip.csproj" />
  <Project Path="SpaceGame.Vehicles.Crawler.csproj" />
  <Project Path="SpaceGame.Gear.JumpingRod.csproj" />
  <Project Path="FMODUnityResonanceEditor.csproj" />
  <Project Path="SpaceGame.World.Streaming.csproj" />
  <Project Path="SpaceGame.Diagnostics.csproj" />
  <Project Path="SpaceGame.Creatures.Humanoid.csproj" />
  <Project Path="SpaceGame.World.Safety.csproj" />
  <Project Path="FMODUnityHaptics.csproj" />
  <Project Path="SpaceGame.Creatures.Horse.csproj" />
  <Project Path="Unity.Netcode.PackageChecker.Editor.csproj" />
</Solution>
